{
  "name": "apigee-auth-jwt",
  "version": "0.0.7",
  "lockfileVersion": 3,
  "requires": true,
  "packages": {
    "": {
      "name": "apigee-auth-jwt",
      "version": "0.0.7",
      "license": "MIT",
      "dependencies": {
        "axios": "^1.19.0",
        "node-cache": "^5.1.2",
        "qs": "^6.15.3"
      },
      "devDependencies": {
        "@types/jest": "^29.5.0",
        "@types/node": "^26.1.2",
        "ts-jest": "^29.4.12",
        "typescript": "^5.9.3",
        "jest": "^29.5.0"
      },
      "engines": {
        "node": ">=18"
      }
    },
    "node_modules/@ampproject/remapping": {
      "version": "2.2.0",
      "resolved": "https://registry.npmjs.org/@ampproject/remapping/-/remapping-2.2.0.tgz",
      "integrity": "sha512-qRmjj8nj9qmLTQXXmaR1cck3UXSRMPrbsLJAasZpF+t3riI71BXed5ebIOYwQntykeZuhjsdweEc9BxH5Jc26w==",
      "dev": true,
      "requires": {
        "@jridgewell/gen-mapping": "^0.1.0",
        "@jridgewell/trace-mapping": "^0.3.9"
      },
      "dependencies": {
        "@jridgewell/gen-mapping": {
          "version": "0.1.1",
          "resolved": "https://registry.npmjs.org/@jridgewell/gen-mapping/-/gen-mapping-0.1.1.tgz",
          "integrity": "sha512-sQXCasFk+U8lWYEe66WxRDOE9PjVz4vSM51fTu3Hw+ClTpUSQb718772vH3pyS5pShp6lvQM7SxgIDXXXmOX7w==",
          "dev": true,
          "requires": {
            "@jridgewell/set-array": "^1.0.0",
            "@jridgewell/sourcemap-codec": "^1.4.10"
          }
        }
      }
    },
    "node_modules/@babel/code-frame": {
      "version": "7.21.3",
      "resolved": "https://registry.npmjs.org/@babel/code-frame/-/code-frame-7.21.3.tgz",
      "integrity": "sha512-<integrity>",
      "dev": true,
      "requires": {
        "@babel/highlight": "^7.21.3"
      }
    },
    "node_modules/@babel/compat-data": {
      "version": "7.21.3",
      "resolved": "https://registry.npmjs.org/@babel/compat-data/-/compat-data-7.21.3.tgz",
      "integrity": "sha512-<integrity>",
      "dev": true
    },
    "node_modules/@babel/core": {
      "version": "7.21.3",
      "resolved": "https://registry.npmjs.org/@babel/core/-/core-7.21.3.tgz",
      "integrity": "sha512-<integrity>",
      "dev": true,
      "requires": {
        "@ampproject/remapping": "^2.2.0",
        "@babel/code-frame": "^7.21.3",
        "@babel/generator": "^7.21.3",
        "@babel/helper-compilation-targets": "^7.21.3",
        "@babel/helper-module-transforms": "^7.21.3",
        "@babel/helpers": "^7.21.3",
        "@babel/parser": "^7.21.3",
        "@babel/template": "^7.21.3",
        "@babel/traverse": "^7.21.3",
        "@babel/types": "^7.21.3",
        "convert-source-map": "^1.9.0",
        "debug": "^4.1.0",
        "gensync": "^1.0.0-beta.2",
        "json5": "^2.2.2",
        "semver": "^6.3.0"
      }
    },
    "node_modules/@babel/generator": {
      "version": "7.21.3",
      "resolved": "https://registry.npmjs.org/@babel/generator/-/generator-7.21.3.tgz",
      "integrity": "sha512-<integrity>",
      "dev": true,
      "requires": {
        "@babel/types": "^7.21.3",
        "@jridgewell/gen-mapping": "^0.3.2",
        "@jridgewell/trace-mapping": "^0.3.17",
        "jsesc": "^2.5.1"
      }
    },
    "node_modules/@babel/helper-compilation-targets": {
      "version": "7.21.3",
      "resolved": "https://registry.npmjs.org/@babel/helper-compilation-targets/-/helper-compilation-targets-7.21.3.tgz",
      "integrity": "sha512-<integrity>",
      "dev": true,
      "requires": {
        "@babel/compat-data": "^7.21.3",
        "@babel/helper-validator-option": "^7.21.3",
        "browserslist": "^4.21.5",
        "lru-cache": "^6.0.0",
        "semver": "^7.5.4"
      }
    },
    "node_modules/@babel/helper-environment-visitor": {
      "version": "7.21.3",
      "resolved": "https://registry.npmjs.org/@babel/helper-environment-visitor/-/helper-environment-visitor-7.21.3.tgz",
      "integrity": "sha512-<integrity>",
      "dev": true
    },
    "node_modules/@babel/helper-function-name": {
      "version": "7.21.3",
      "resolved": "https://registry.npmjs.org/@babel/helper-function-name/-/helper-function-name-7.21.3.tgz",
      "integrity": "sha512-<integrity>",
      "dev": true,
      "requires": {
        "@babel/template": "^7.21.3",
        "@babel/types": "^7.21.3"
      }
    },
    "node_modules/@babel/helper-hoist-variables": {
      "version": "7.21.3",
      "resolved": "https://registry.npmjs.org/@babel/helper-hoist-variables/-/helper-hoist-variables-7.21.3.tgz",
      "integrity": "sha512-<integrity>",
      "dev": true,
      "requires": {
        "@babel/types": "^7.21.3"
      }
    },
    "node_modules/@babel/helper-module-imports": {
      "version": "7.21.3",
      "resolved": "https://registry.npmjs.org/@babel/helper-module-imports/-/helper-module-imports-7.21.3.tgz",
      "integrity": "sha512-<integrity>",
      "dev": true,
      "requires": {
        "@babel/types": "^7.21.3"
      }
    },
    "node_modules/@babel/helper-module-transforms": {
      "version": "7.21.3",
      "resolved": "https://registry.npmjs.org/@babel/helper-module-transforms/-/helper-module-transforms-7.21.3.tgz",
      "integrity": "sha512-<integrity>",
      "dev": true,
      "requires": {
        "@babel/helper-environment-visitor": "^7.21.3",
        "@babel/helper-module-imports": "^7.21.3",
        "@babel/helper-simple-access": "^7.21.3",
        "@babel/helper-split-export-declaration": "^7.21.3",
        "@babel/helper-validator-identifier": "^7.21.3",
        "@babel/template": "^7.21.3",
        "@babel/traverse": "^7.21.3",
        "@babel/types": "^7.21.3"
      }
    },
    "node_modules/@babel/helper-plugin-utils": {
      "version": "7.21.3",
      "resolved": "https://registry.npmjs.org/@babel/helper-plugin-utils/-/helper-plugin-utils-7.21.3.tgz",
      "integrity": "sha512-<integrity>",
      "dev": true
    },
    "node_modules/@babel/helper-simple-access": {
      "version": "7.21.3",
      "resolved": "https://registry.npmjs.org/@babel/helper-simple-access/-/helper-simple-access-7.21.3.tgz",
      "integrity": "sha512-<integrity>",
      "dev": true,
      "requires": {
        "@babel/types": "^7.21.3"
      }
    },
    "node_modules/@babel/helper-split-export-declaration": {
      "version": "7.21.3",
      "resolved": "https://registry.npmjs.org/@babel/helper-split-export-declaration/-/helper-split-export-declaration-7.21.3.tgz",
      "integrity": "sha512-<integrity>",
      "dev": true,
      "requires": {
        "@babel/types": "^7.21.3"
      }
    },
    "node_modules/@babel/helper-string-parser": {
      "version": "7.21.3",
      "resolved": "https://registry.npmjs.org/@babel/helper-string-parser/-/helper-string-parser-7.21.3.tgz",
      "integrity": "sha512-<integrity>",
      "dev": true
    },
    "node_modules/@babel/helper-validator-identifier": {
      "version": "7.21.3",
      "resolved": "https://registry.npmjs.org/@babel/helper-validator-identifier/-/helper-validator-identifier-7.21.3.tgz",
      "integrity": "sha512-<integrity>",
      "dev": true
    },
    "node_modules/@babel/helper-validator-option": {
      "version": "7.21.3",
      "resolved": "https://registry.npmjs.org/@babel/helper-validator-option/-/helper-validator-option-7.21.3.tgz",
      "integrity": "sha512-<integrity>",
      "dev": true
    },
    "node_modules/@babel/helpers": {
      "version": "7.21.3",
      "resolved": "https://registry.npmjs.org/@babel/helpers/-/helpers-7.21.3.tgz",
      "integrity": "sha512-<integrity>",
      "dev": true,
      "requires": {
        "@babel/template": "^7.21.3",
        "@babel/traverse": "^7.21.3",
        "@babel/types": "^7.21.3"
      }
    },
    "node_modules/@babel/highlight": {
      "version": "7.21.3",
      "resolved": "https://registry.npmjs.org/@babel/highlight/-/highlight-7.21.3.tgz",
      "integrity": "sha512-<integrity>",
      "dev": true,
      "requires": {
        "@babel/helper-validator-identifier": "^7.21.3",
        "chalk": "^4.0.0",
        "js-tokens": "^4.0.0"
      },
      "dependencies": {
        "ansi-styles": {
          "version": "3.2.1",
          "resolved": "https://registry.npmjs.org/ansi-styles/-/ansi-styles-3.2.1.tgz",
          "integrity": "sha512-<integrity>",
          "dev": true,
          "requires": {
            "color-convert": "^1.9.0"
          }
        },
        "chalk": {
          "version": "2.4.2",
          "resolved": "https://registry.npmjs.org/chalk/-/chalk-2.4.2.tgz",
          "integrity": "sha512-<integrity>",
          "dev": true,
          "requires": {
            "ansi-styles": "^3.2.1",
            "escape-string-regexp": "^1.0.5",
            "supports-color": "^5.3.0"
          }
        },
        "color-convert": {
          "version": "1.9.3",
          "resolved": "https://registry.npmjs.org/color-convert/-/color-convert-1.9.3.tgz",
          "integrity": "sha512-<integrity>",
          "dev": true,
          "requires": {
            "color-name": "1.1.3"
          }
        },
        "color-name": {
          "version": "1.1.3",
          "resolved": "https://registry.npmjs.org/color-name/-/color-name-1.1.3.tgz",
          "integrity": "sha512-<integrity>",
          "dev": true
        },
        "escape-string-regexp": {
          "version": "1.0.5",
          "resolved": "https://registry.npmjs.org/escape-string-regexp/-/escape-string-regexp-1.0.5.tgz",
          "integrity": "sha512-<integrity>",
          "dev": true
        },
        "has-flag": {
          "version": "3.0.0",
          "resolved": "https://registry.npmjs.org/has-flag/-/has-flag-3.0.0.tgz",
          "integrity": "sha512-<integrity>",
          "dev": true
        },
        "supports-color": {
          "version": "5.5.0",
          "resolved": "https://registry.npmjs.org/supports-color/-/supports-color-5.5.0.tgz",
          "integrity": "sha512-<integrity>",
          "dev": true,
          "requires": {
            "has-flag": "^3.0.0"
          }
        }
      }
    },
    "node_modules/@babel/parser": {
      "version": "7.21.3",
      "resolved": "https://registry.npmjs.org/@babel/parser/-/parser-7.21.3.tgz",
      "integrity": "sha512-<integrity>",
      "dev": true
    },
    "node_modules/@babel/plugin-syntax-async-generators": {
      "version": "7.21.3",
      "resolved": "https://registry.npmjs.org/@babel/plugin-syntax-async-generators/-/plugin-syntax-async-generators-7.21.3.tgz",
      "integrity": "sha512-<integrity>",
      "dev": true,
      "requires": {
        "@babel/helper-plugin-utils": "^7.21.3"
      }
    },
    "node_modules/@babel/plugin-syntax-bigint": {
      "version": "7.21.3",
      "resolved": "https://registry.npmjs.org/@babel/plugin-syntax-bigint/-/plugin-syntax-bigint-7.21.3.tgz",
      "integrity": "sha512-<integrity>",
      "dev": true,
      "requires": {
        "@babel/helper-plugin-utils": "^7.21.3"
      }
    },
    "node_modules/@babel/plugin-syntax-class-properties": {
      "version": "7.21.3",
      "resolved": "https://registry.npmjs.org/@babel/plugin-syntax-class-properties/-/plugin-syntax-class-properties-7.21.3.tgz",
      "integrity": "sha512-<integrity>",
      "dev": true,
      "requires": {
        "@babel/helper-plugin-utils": "^7.21.3"
      }
    },
    "node_modules/@babel/plugin-syntax-import-meta": {
      "version": "7.21.3",
      "resolved": "https://registry.npmjs.org/@babel/plugin-syntax-import-meta/-/plugin-syntax-import-meta-7.21.3.tgz",
      "integrity": "sha512-<integrity>",
      "dev": true,
      "requires": {
        "@babel/helper-plugin-utils": "^7.21.3"
      }
    },
    "node_modules/@babel/plugin-syntax-json-strings": {
      "version": "7.21.3",
      "resolved": "https://registry.npmjs.org/@babel/plugin-syntax-json-strings/-/plugin-syntax-json-strings-7.21.3.tgz",
      "integrity": "sha512-<integrity>",
      "dev": true,
      "requires": {
        "@babel/helper-plugin-utils": "^7.21.3"
      }
    },
    "node_modules/@babel/plugin-syntax-jsx": {
      "version": "7.21.3",
      "resolved": "https://registry.npmjs.org/@babel/plugin-syntax-jsx/-/plugin-syntax-jsx-7.21.3.tgz",
      "integrity": "sha512-<integrity>",
      "dev": true,
      "requires": {
        "@babel/helper-plugin-utils": "^7.21.3"
      }
    },
    "node_modules/@babel/plugin-syntax-logical-assignment-operators": {
      "version": "7.21.3",
      "resolved": "https://registry.npmjs.org/@babel/plugin-syntax-logical-assignment-operators/-/plugin-syntax-logical-assignment-operators-7.21.3.tgz",
      "integrity": "sha512-<integrity>",
      "dev": true,
      "requires": {
        "@babel/helper-plugin-utils": "^7.21.3"
      }
    },
    "node_modules/@babel/plugin-syntax-nullish-coalescing-operator": {
      "version": "7.21.3",
      "resolved": "https://registry.npmjs.org/@babel/plugin-syntax-nullish-coalescing-operator/-/plugin-syntax-nullish-coalescing-operator-7.21.3.tgz",
      "integrity": "sha512-<integrity>",
      "dev": true,
      "requires": {
        "@babel/helper-plugin-utils": "^7.21.3"
      }
    },
    "node_modules/@babel/plugin-syntax-numeric-separator": {
      "version": "7.21.3",
      "resolved": "https://registry.npmjs.org/@babel/plugin-syntax-numeric-separator/-/plugin-syntax-numeric-separator-7.21.3.tgz",
      "integrity": "sha512-<integrity>",
      "dev": true,
      "requires": {
        "@babel/helper-plugin-utils": "^7.21.3"
      }
    },
    "node_modules/@babel/plugin-syntax-object-rest-spread": {
      "version": "7.21.3",
      "resolved": "https://registry.npmjs.org/@babel/plugin-syntax-object-rest-spread/-/plugin-syntax-object-rest-spread-7.21.3.tgz",
      "integrity": "sha512-<integrity>",
      "dev": true,
      "requires": {
        "@babel/helper-plugin-utils": "^7.21.3"
      }
    },
    "node_modules/@babel/plugin-syntax-optional-catch-binding": {
      "version": "7.21.3",
      "resolved": "https://registry.npmjs.org/@babel/plugin-syntax-optional-catch-binding/-/plugin-syntax-optional-catch-binding-7.21.3.tgz",
      "integrity": "sha512-<integrity>",
      "dev": true,
      "requires": {
        "@babel/helper-plugin-utils": "^7.21.3"
      }
    },
    "node_modules/@babel/plugin-syntax-optional-chaining": {
      "version": "7.21.3",
      "resolved": "https://registry.npmjs.org/@babel/plugin-syntax-optional-chaining/-/plugin-syntax-optional-chaining-7.21.3.tgz",
      "integrity": "sha512-<integrity>",
      "dev": true,
      "requires": {
        "@babel/helper-plugin-utils": "^7.21.3"
      }
    },
    "node_modules/@babel/plugin-syntax-top-level-await": {
      "version": "7.21.3",
      "resolved": "https://registry.npmjs.org/@babel/plugin-syntax-top-level-await/-/plugin-syntax-top-level-await-7.21.3.tgz",
      "integrity": "sha512-<integrity>",
      "dev": true,
      "requires": {
        "@babel/helper-plugin-utils": "^7.21.3"
      }
    },
    "node_modules/@babel/plugin-syntax-typescript": {
      "version": "7.21.3",
      "resolved": "https://registry.npmjs.org/@babel/plugin-syntax-typescript/-/plugin-syntax-typescript-7.21.3.tgz",
      "integrity": "sha512-<integrity>",
      "dev": true,
      "requires": {
        "@babel/helper-plugin-utils": "^7.21.3"
      }
    },
    "node_modules/@babel/template": {
      "version": "7.21.3",
      "resolved": "https://registry.npmjs.org/@babel/template/-/template-7.21.3.tgz",
      "integrity": "sha512-<integrity>",
      "dev": true,
      "requires": {
        "@babel/code-frame": "^7.21.3",
        "@babel/parser": "^7.21.3",
        "@babel/types": "^7.21.3"
      }
    },
    "node_modules/@babel/traverse": {
      "version": "7.21.3",
      "resolved": "https://registry.npmjs.org/@babel/traverse/-/traverse-7.21.3.tgz",
      "integrity": "sha512-<integrity>",
      "dev": true,
      "requires": {
        "@babel/code-frame": "^7.21.3",
        "@babel/generator": "^7.21.3",
        "@babel/helper-environment-visitor": "^7.21.3",
        "@babel/helper-function-name": "^7.21.3",
        "@babel/helper-hoist-variables": "^7.21.3",
        "@babel/helper-split-export-declaration": "^7.21.3",
        "@babel/parser": "^7.21.3",
        "@babel/types": "^7.21.3",
        "debug": "^4.1.0",
        "globals": "^11.12.0"
      }
    },
    "node_modules/@babel/types": {
      "version": "7.21.3",
      "resolved": "https://registry.npmjs.org/@babel/types/-/types-7.21.3.tgz",
      "integrity": "sha512-<integrity>",
      "dev": true,
      "requires": {
        "@babel/helper-string-parser": "^7.21.3",
        "@babel/helper-validator-identifier": "^7.21.3",
        "to-fast-properties": "^2.0.0"
      }
    },
    "node_modules/@bcoe/v8-coverage": {
      "version": "0.2.3",
      "resolved": "https://registry.npmjs.org/@bcoe/v8-coverage/-/v8-coverage-0.2.3.tgz",
      "integrity": "sha512-<integrity>",
      "dev": true
    },
    "node_modules/@istanbuljs/load-nyc-config": {
      "version": "1.1.0",
      "resolved": "https://registry.npmjs.org/@istanbuljs/load-nyc-config/-/load-nyc-config-1.1.0.tgz",
      "integrity": "sha512-<integrity>",
      "dev": true,
      "requires": {
        "camelcase": "^5.3.1",
        "find-up": "^4.1.0",
        "get-package-type": "^0.1.0",
        "js-yaml": "^3.13.1",
        "resolve-from": "^5.0.0"
      },
      "dependencies": {
        "camelcase": {
          "version": "5.3.1",
          "resolved": "https://registry.npmjs.org/camelcase/-/camelcase-5.3.1.tgz",
          "integrity": "sha512-<integrity>",
          "dev": true
        }
      }
    },
    "node_modules/@istanbuljs/schema": {
      "version": "0.1.3",
      "resolved": "https://registry.npmjs.org/@istanbuljs/schema/-/schema-0.1.3.tgz",
      "integrity": "sha512-<integrity>",
      "dev": true
    },
    "node_modules/@jest/console": {
      "version": "29.7.0",
      "resolved": "https://registry.npmjs.org/@jest/console/-/console-29.7.0.tgz",
      "integrity": "sha512-<integrity>",
      "dev": true,
      "requires": {
        "@jest/types": "^29.7.0",
        "@types/node": "*",
        "chalk": "^4.0.0",
        "jest-message-util": "^29.7.0",
        "jest-util": "^29.7.0",
        "slash": "^3.0.0"
      }
    },
    "node_modules/@jest/core": {
      "version": "29.7.0",
      "resolved": "https://registry.npmjs.org/@jest/core/-/core-29.7.0.tgz",
      "integrity": "sha512-<integrity>",
      "dev": true,
      "requires": {
        "@jest/console": "^29.7.0",
        "@jest/reporters": "^29.7.0",
        "@jest/test-result": "^29.7.0",
        "@jest/transform": "^29.7.0",
        "@jest/types": "^29.7.0",
        "@types/node": "*",
        "ansi-escapes": "^4.1.0",
        "chalk": "^4.0.0",
        "ci-info": "^3.2.0",
        "exit": "^0.1.2",
        "graceful-fs": "^4.2.9",
        "jest-changed-files": "^29.7.0",
        "jest-config": "^29.7.0",
        "jest-haste-map": "^29.7.0",
        "jest-message-util": "^29.7.0",
        "jest-regex-util": "^29.7.0",
        "jest-resolve": "^29.7.0",
        "jest-resolve-dependencies": "^29.7.0",
        "jest-runner": "^29.7.0",
        "jest-runtime": "^29.7.0",
        "jest-snapshot": "^29.7.0",
        "jest-util": "^29.7.0",
        "jest-validate": "^29.7.0",
        "jest-watcher": "^29.7.0",
        "micromatch": "^4.0.4",
        "pretty-format": "^29.7.0",
        "slash": "^3.0.0",
        "strip-ansi": "^6.0.0"
      }
    },
    "node_modules/@jest/environment": {
      "version": "29.7.0",
      "resolved": "https://registry.npmjs.org/@jest/environment/-/environment-29.7.0.tgz",
      "integrity": "sha512-<integrity>",
      "dev": true,
      "requires": {
        "@jest/fake-timers": "^29.7.0",
        "@jest/types": "^29.7.0",
        "@types/node": "*",
        "jest-mock": "^29.7.0"
      }
    },
    "node_modules/@jest/expect": {
      "version": "29.7.0",
      "resolved": "https://registry.npmjs.org/@jest/expect/-/expect-29.7.0.tgz",
      "integrity": "sha512-<integrity>",
      "dev": true,
      "requires": {
        "expect": "^29.7.0",
        "jest-snapshot": "^29.7.0"
      }
    },
    "node_modules/@jest/expect-utils": {
      "version": "29.7.0",
      "resolved": "https://registry.npmjs.org/@jest/expect-utils/-/expect-utils-29.7.0.tgz",
      "integrity": "sha512-<integrity>",
      "dev": true,
      "requires": {
        "jest-get-type": "^29.7.0"
      }
    },
    "node_modules/@jest/fake-timers": {
      "version": "29.7.0",
      "resolved": "https://registry.npmjs.org/@jest/fake-timers/-/fake-timers-29.7.0.tgz",
      "integrity": "sha512-<integrity>",
      "dev": true,
      "requires": {
        "@jest/types": "^29.7.0",
        "@sinonjs/fake-timers": "^10.0.2",
        "@types/node": "*",
        "jest-message-util": "^29.7.0",
        "jest-mock": "^29.7.0",
        "jest-util": "^29.7.0"
      }
    },
    "node_modules/@jest/globals": {
      "version": "29.7.0",
      "resolved": "https://registry.npmjs.org/@jest/globals/-/globals-29.7.0.tgz",
      "integrity": "sha512-<integrity>",
      "dev": true,
      "requires": {
        "@jest/environment": "^29.7.0",
        "@jest/expect": "^29.7.0",
        "@jest/types": "^29.7.0",
        "jest-mock": "^29.7.0"
      }
    },
    "node_modules/@jest/reporters": {
      "version": "29.7.0",
      "resolved": "https://registry.npmjs.org/@jest/reporters/-/reporters-29.7.0.tgz",
      "integrity": "sha512-<integrity>",
      "dev": true,
      "requires": {
        "@bcoe/v8-coverage": "^0.2.3",
        "@jest/console": "^29.7.0",
        "@jest/test-result": "^29.7.0",
        "@jest/transform": "^29.7.0",
        "@jest/types": "^29.7.0",
        "@jridgewell/trace-mapping": "^0.3.19",
        "@types/node": "*",
        "chalk": "^4.0.0",
        "collect-v8-coverage": "^1.0.0",
        "exit": "^0.1.2",
        "glob": "^7.1.3",
        "graceful-fs": "^4.2.9",
        "istanbul-lib-coverage": "^3.0.0",
        "istanbul-lib-instrument": "^5.0.0",
        "istanbul-lib-report": "^3.0.0",
        "istanbul-lib-source-maps": "^4.0.0",
        "istanbul-reports": "^3.1.3",
        "jest-message-util": "^29.7.0",
        "jest-util": "^29.7.0",
        "jest-worker": "^29.7.0",
        "slash": "^3.0.0",
        "string-length": "^4.0.1",
        "strip-ansi": "^6.0.0",
        "v8-to-istanbul": "^9.0.1"
      }
    },
    "node_modules/@jest/schemas": {
      "version": "29.7.0",
      "resolved": "https://registry.npmjs.org/@jest/schemas/-/schemas-29.7.0.tgz",
      "integrity": "sha512-<integrity>",
      "dev": true,
      "requires": {
        "@sinclair/typebox": "^0.28.10"
      }
    },
    "node_modules/@jest/source-map": {
      "version": "29.7.0",
      "resolved": "https://registry.npmjs.org/@jest/source-map/-/source-map-29.7.0.tgz",
      "integrity": "sha512-<integrity>",
      "dev": true,
      "requires": {
        "@jridgewell/trace-mapping": "^0.3.19",
        "callsites": "^3.0.0",
        "graceful-fs": "^4.2.9"
      }
    },
    "node_modules/@jest/test-result": {
      "version": "29.7.0",
      "resolved": "https://registry.npmjs.org/@jest/test-result/-/test-result-29.7.0.tgz",
      "integrity": "sha512-<integrity>",
      "dev": true,
      "requires": {
        "@jest/console": "^29.7.0",
        "@jest/types": "^29.7.0",
        "@types/istanbul-lib-coverage": "^2.0.0",
        "collect-v8-coverage": "^1.0.0"
      }
    },
    "node_modules/@jest/test-sequencer": {
      "version": "29.7.0",
      "resolved": "https://registry.npmjs.org/@jest/test-sequencer/-/test-sequencer-29.7.0.tgz",
      "integrity": "sha512-<integrity>",
      "dev": true,
      "requires": {
        "@jest/test-result": "^29.7.0",
        "graceful-fs": "^4.2.9",
        "jest-haste-map": "^29.7.0",
        "slash": "^3.0.0"
      }
    },
    "node_modules/@jest/transform": {
      "version": "29.7.0",
      "resolved": "https://registry.npmjs.org/@jest/transform/-/transform-29.7.0.tgz",
      "integrity": "sha512-<integrity>",
      "dev": true,
      "requires": {
        "@babel/core": "^7.19.1",
        "@jest/types": "^29.7.0",
        "@jridgewell/trace-mapping": "^0.3.19",
        "babel-plugin-istanbul": "^6.1.1",
        "chalk": "^4.0.0",
        "convert-source-map": "^2.0.0",
        "fast-json-stable-stringify": "^2.1.0",
        "graceful-fs": "^4.2.9",
        "jest-haste-map": "^29.7.0",
        "jest-regex-util": "^29.7.0",
        "jest-util": "^29.7.0",
        "micromatch": "^4.0.4",
        "pirates": "^4.0.4",
        "slash": "^3.0.0",
        "write-file-atomic": "^4.0.2"
      },
      "dependencies": {
        "convert-source-map": {
          "version": "2.0.0",
          "resolved": "https://registry.npmjs.org/convert-source-map/-/convert-source-map-2.0.0.tgz",
          "integrity": "sha512-<integrity>",
          "dev": true
        }
      }
    },
    "node_modules/@jest/types": {
      "version": "29.7.0",
      "resolved": "https://registry.npmjs.org/@jest/types/-/types-29.7.0.tgz",
      "integrity": "sha512-<integrity>",
      "dev": true,
      "requires": {
        "@jest/schemas": "^29.7.0",
        "@types/istanbul-lib-coverage": "^2.0.0",
        "@types/istanbul-reports": "^3.0.0",
        "@types/node": "*",
        "@types/yargs": "^17.1.0",
        "chalk": "^4.0.0"
      }
    },
    "node_modules/@jridgewell/gen-mapping": {
      "version": "0.3.3",
      "resolved": "https://registry.npmjs.org/@jridgewell/gen-mapping/-/gen-mapping-0.3.3.tgz",
      "integrity": "sha512-<integrity>",
      "dev": true,
      "requires": {
        "@jridgewell/set-array": "^1.2.0",
        "@jridgewell/sourcemap-codec": "^1.5.0",
        "@jridgewell/trace-mapping": "^0.3.25"
      }
    },
    "node_modules/@jridgewell/resolve-uri": {
      "version": "3.1.2",
      "resolved": "https://registry.npmjs.org/@jridgewell/resolve-uri/-/resolve-uri-3.1.2.tgz",
      "integrity": "sha512-<integrity>",
      "dev": true,
      "requires": {
        "path-key": "^3.1.1"
      }
    },
    "node_modules/@jridgewell/set-array": {
      "version": "1.2.0",
      "resolved": "https://registry.npmjs.org/@jridgewell/set-array/-/set-array-1.2.0.tgz",
      "integrity": "sha512-<integrity>",
      "dev": true
    },
    "node_modules/@jridgewell/sourcemap-codec": {
      "version": "1.5.0",
      "resolved": "https://registry.npmjs.org/@jridgewell/sourcemap-codec/-/sourcemap-codec-1.5.0.tgz",
      "integrity": "sha512-<integrity>",
      "dev": true
    },
    "node_modules/@jridgewell/trace-mapping": {
      "version": "0.3.25",
      "resolved": "https://registry.npmjs.org/@jridgewell/trace-mapping/-/trace-mapping-0.3.25.tgz",
      "integrity": "sha512-<integrity>",
      "dev": true,
      "requires": {
        "@jridgewell/resolve-uri": "^3.1.1",
        "@jridgewell/sourcemap-codec": "^1.4.14"
      }
    },
    "node_modules/@sinclair/typebox": {
      "version": "0.28.10",
      "resolved": "https://registry.npmjs.org/@sinclair/typebox/-/typebox-0.28.10.tgz",
      "integrity": "sha512-<integrity>",
      "dev": true
    },
    "node_modules/@sinonjs/commons": {
      "version": "3.0.1",
      "resolved": "https://registry.npmjs.org/@sinonjs/commons/-/commons-3.0.1.tgz",
      "integrity": "sha512-<integrity>",
      "dev": true,
      "requires": {
        "type-detect": "4.0.8"
      }
    },
    "node_modules/@sinonjs/fake-timers": {
      "version": "10.3.0",
      "resolved": "https://registry.npmjs.org/@sinonjs/fake-timers/-/fake-timers-10.3.0.tgz",
      "integrity": "sha512-<integrity>",
      "dev": true,
      "requires": {
        "@sinonjs/commons": "^3.0.0"
      }
    },
    "node_modules/@types/babel__core": {
      "version": "7.20.5",
      "resolved": "https://registry.npmjs.org/@types/babel__core/-/babel__core-7.20.5.tgz",
      "integrity": "sha512-<integrity>",
      "dev": true
    },
    "node_modules/@types/babel__generator": {
      "version": "7.27.0",
      "resolved": "https://registry.npmjs.org/@types/babel__generator/-/babel__generator-7.27.0.tgz",
      "integrity": "sha512-<integrity>",
      "dev": true
    },
    "node_modules/@types/babel__template": {
      "version": "7.4.4",
      "resolved": "https://registry.npmjs.org/@types/babel__template/-/babel__template-7.4.4.tgz",
      "integrity": "sha512-<integrity>",
      "dev": true
    },
    "node_modules/@types/babel__traverse": {
      "version": "7.28.0",
      "resolved": "https://registry.npmjs.org/@types/babel__traverse/-/babel__traverse-7.28.0.tgz",
      "integrity": "sha512-<integrity>",
      "dev": true
    },
    "node_modules/@types/graceful-fs": {
      "version": "4.1.6",
      "resolved": "https://registry.npmjs.org/@types/graceful-fs/-/graceful-fs-4.1.6.tgz",
      "integrity": "sha512-<integrity>",
      "dev": true
    },
    "node_modules/@types/istanbul-lib-coverage": {
      "version": "2.0.6",
      "resolved": "https://registry.npmjs.org/@types/istanbul-lib-coverage/-/istanbul-lib-coverage-2.0.6.tgz",
      "integrity": "sha512-<integrity>",
      "dev": true
    },
    "node_modules/@types/istanbul-lib-report": {
      "version": "3.0.3",
      "resolved": "https://registry.npmjs.org/@types/istanbul-lib-report/-/istanbul-lib-report-3.0.3.tgz",
      "integrity": "sha512-<integrity>",
      "dev": true
    },
    "node_modules/@types/istanbul-reports": {
      "version": "3.0.4",
      "resolved": "https://registry.npmjs.org/@types/istanbul-reports/-/istanbul-reports-3.0.4.tgz",
      "integrity": "sha512-<integrity>",
      "dev": true
    },
    "node_modules/@types/jest": {
      "version": "29.5.14",
      "resolved": "https://registry.npmjs.org/@types/jest/-/jest-29.5.14.tgz",
      "integrity": "sha512-<integrity>",
      "dev": true
    },
    "node_modules/@types/node": {
      "version": "26.1.2",
      "resolved": "https://registry.npmjs.org/@types/node/-/node-26.1.2.tgz",
      "integrity": "sha512-<integrity>",
      "dev": true
    },
    "node_modules/@types/output-standards": {
      "version": "1.0.0",
      "resolved": "https://registry.npmjs.org/@types/output-standards/-/output-standards-1.0.0.tgz",
      "integrity": "sha512-<integrity>"
    },
    "node_modules/@types/stack-utils": {
      "version": "2.0.3",
      "resolved": "https://registry.npmjs.org/@types/stack-utils/-/stack-utils-2.0.3.tgz",
      "integrity": "sha512-<integrity>"
    },
    "node_modules/@types/yargs": {
      "version": "17.0.35",
      "resolved": "https://registry.npmjs.org/@types/yargs/-/yargs-17.0.35.tgz",
      "integrity": "sha512-<integrity>"
    },
    "node_modules/@types/yargs-parser": {
      "version": "21.0.3",
      "resolved": "https://registry.npmjs.org/@types/yargs-parser/-/yargs-parser-21.0.3.tgz",
      "integrity": "sha512-<integrity>"
    },
    "node_modules/agent-base": {
      "version": "6.0.2",
      "resolved": "https://registry.npmjs.org/agent-base/-/agent-base-6.0.2.tgz",
      "integrity": "sha512-<integrity>"
    },
    "node_modules/ansi-escapes": {
      "version": "4.3.2",
      "resolved": "https://registry.npmjs.org/ansi-escapes/-/ansi-escapes-4.3.2.tgz",
      "integrity": "sha512-<integrity>"
    },
    "node_modules/ansi-regex": {
      "version": "5.0.1",
      "resolved": "https://registry.npmjs.org/ansi-regex/-/ansi-regex-5.0.1.tgz",
      "integrity": "sha512-<integrity>"
    },
    "node_modules/ansi-styles": {
      "version": "4.3.0",
      "resolved": "https://registry.npmjs.org/ansi-styles/-/ansi-styles-4.3.0.tgz",
      "integrity": "sha512-<integrity>"
    },
    "node_modules/anymatch": {
      "version": "3.1.3",
      "resolved": "https://registry.npmjs.org/anymatch/-/anymatch-3.1.3.tgz",
      "integrity": "sha512-<integrity>"
    },
    "node_modules/asynckit": {
      "version": "0.4.0",
      "resolved": "https://registry.npmjs.org/asynckit/-/asynckit-0.4.0.tgz",
      "integrity": "sha512-<integrity>"
    },
    "node_modules/axios": {
      "version": "1.19.0",
      "resolved": "https://registry.npmjs.org/axios/-/axios-1.19.0.tgz",
      "integrity": "sha512-<integrity>",
      "dependencies": {
        "follow-redirects": "^1.16.0",
        "form-data": "^4.0.6",
        "https-proxy-agent": "^5.0.1",
        "proxy-from-env": "^2.1.0"
      }
    },
    "node_modules/babel-jest": {
      "version": "29.7.0",
      "resolved": "https://registry.npmjs.org/babel-jest/-/babel-jest-29.7.0.tgz",
      "integrity": "sha512-<integrity>",
      "dependencies": {
        "@jest/transform": "^29.7.0",
        "@types/babel__core": "^7.1.14",
        "babel-plugin-istanbul": "^6.1.1",
        "babel-preset-jest": "^29.5.0",
        "chalk": "^4.0.0",
        "graceful-fs": "^4.2.9",
        "slash": "^3.0.0"
      }
    },
    "node_modules/babel-plugin-istanbul": {
      "version": "6.1.1",
      "resolved": "https://registry.npmjs.org/babel-plugin-istanbul/-/babel-plugin-istanbul-6.1.1.tgz",
      "integrity": "sha512-<integrity>",
      "dependencies": {
        "@babel/helper-plugin-utils": "^7.0.0",
        "@istanbuljs/load-nyc-config": "^1.0.0",
        "@istanbuljs/schema": "^0.1.2",
        "istanbul-lib-instrument": "^5.0.4",
        "test-exclude": "^6.0.0"
      }
    },
    "node_modules/babel-preset-jest": {
      "version": "29.7.0",
      "resolved": "https://registry.npmjs.org/babel-preset-jest/-/babel-preset-jest-29.7.0.tgz",
      "integrity": "sha512-<integrity>",
      "dependencies": {
        "babel-plugin-jest-hoist": "^29.7.0",
        "babel-preset-current-node-syntax": "^1.0.0"
      }
    },
    "node_modules/balanced-match": {
      "version": "1.0.2",
      "resolved": "https://registry.npmjs.org/balanced-match/-/balanced-match-1.0.2.tgz",
      "integrity": "sha512-<integrity>"
    },
    "node_modules/braces": {
      "version": "3.0.2",
      "resolved": "https://registry.npmjs.org/braces/-/braces-3.0.2.tgz",
      "integrity": "sha512-<integrity>"
    },
    "node_modules/browserslist": {
      "version": "4.21.5",
      "resolved": "https://registry.npmjs.org/browserslist/-/browserslist-4.21.5.tgz",
      "integrity": "sha512-<integrity>"
    },
    "node_modules/caller": {
      "version": "2.0.0",
      "resolved": "https://registry.npmjs.org/caller/-/caller-2.0.0.tgz",
      "integrity": "sha512-<integrity>"
    },
    "node_modules/call-bind-apply-helpers": {
      "version": "1.0.2",
      "resolved": "https://registry.npmjs.org/call-bind-apply-helpers/-/call-bind-apply-helpers-1.0.2.tgz",
      "integrity": "sha512-<integrity>",
      "requires": {
        "es-errors": "^1.3.0",
        "function-bind": "^1.1.2"
      }
    },
    "node_modules/call-bound": {
      "version": "1.0.4",
      "resolved": "https://registry.npmjs.org/call-bound/-/call-bound-1.0.4.tgz",
      "integrity": "sha512-<integrity>",
      "requires": {
        "call-bind-apply-helpers": "^1.0.2",
        "get-intrinsic": "^1.3.0"
      }
    },
    "node_modules/calls": {
      "version": "1.0.0",
      "resolved": "https://registry.npmjs.org/calls/-/calls-1.0.0.tgz",
      "integrity": "sha512-<integrity>"
    },
    "node_modules/catch": {
      "version": "3.0.0",
      "resolved": "https://registry.npmjs.org/catch/-/catch-3.0.0.tgz",
      "integrity": "sha512-<integrity>"
    },
    "node_modules/child_process": {
      "version": "1.0.2",
      "resolved": "https://registry.npmjs.org/child_process/-/child_process-1.0.2.tgz",
      "integrity": "sha512-<integrity>"
    },
    "node_modules/cliui": {
      "version": "8.0.1",
      "resolved": "https://registry.npmjs.org/cliui/-/cliui-8.0.1.tgz",
      "integrity": "sha512-<integrity>"
    },
    "node_modules/clone": {
      "version": "2.1.2",
      "resolved": "https://registry.npmjs.org/clone/-/clone-2.1.2.tgz",
      "integrity": "sha512-<integrity>"
    },
    "node_modules/co": {
      "version": "4.6.0",
      "resolved": "https://registry.npmjs.org/co/-/co-4.6.0.tgz",
      "integrity": "sha512-<integrity>"
    },
    "node_modules/collect-v8-coverage": {
      "version": "1.0.3",
      "resolved": "https://registry.npmjs.org/collect-v8-coverage/-/collect-v8-coverage-1.0.3.tgz",
      "integrity": "sha512-<integrity>"
    },
    "node_modules/color-ansi": {
      "version": "3.0.0",
      "resolved": "https://registry.npmjs.org/color-ansi/-/color-ansi-3.0.0.tgz",
      "integrity": "sha512-<integrity>"
    },
    "node_modules/color-convert": {
      "version": "2.0.1",
      "resolved": "https://registry.npmjs.org/color-convert/-/color-convert-2.0.1.tgz",
      "integrity": "sha512-<integrity>"
    },
    "node_modules/color-name": {
      "version": "1.1.4",
      "resolved": "https://registry.npmjs.org/color-name/-/color-name-1.1.4.tgz",
      "integrity": "sha512-<integrity>"
    },
    "node_modules/combined-stream": {
      "version": "1.0.8",
      "resolved": "https://registry.npmjs.org/combined-stream/-/combined-stream-1.0.8.tgz",
      "integrity": "sha512-<integrity>"
    },
    "node_modules/convert-source-map": {
      "version": "2.0.0",
      "resolved": "https://registry.npmjs.org/convert-source-map/-/convert-source-map-2.0.0.tgz",
      "integrity": "sha512-<integrity>"
    },
    "node_modules/create-plugin": {
      "version": "1.0.0",
      "resolved": "https://registry.npmjs.org/create-plugin/-/create-plugin-1.0.0.tgz",
      "integrity": "sha512-<integrity>"
    },
    "node_modules/crypto": {
      "version": "1.0.0",
      "resolved": "https://registry.npmjs.org/crypto/-/crypto-1.0.0.tgz",
      "integrity": "sha512-<integrity>"
    },
    "node_modules/coveralls": {
      "version": "3.0.0",
      "resolved": "https://registry.npmjs.org/coveralls/-/coveralls-3.0.0.tgz",
      "integrity": "sha512-<integrity>"
    },
    "node_modules/execa": {
      "version": "5.1.1",
      "resolved": "https://registry.npmjs.org/execa/-/execa-5.1.1.tgz",
      "integrity": "sha512-<integrity>"
    },
    "node_modules/exit": {
      "version": "0.1.2",
      "resolved": "https://registry.npmjs.org/exit/-/exit-0.1.2.tgz",
      "integrity": "sha512-<integrity>"
    },
    "node_modules/fresh": {
      "version": "0.5.0",
      "resolved": "https://registry.npmjs.org/fresh/-/fresh-0.5.0.tgz",
      "integrity": "sha512-<integrity>"
    },
    "node_modules/has": {
      "version": "1.0.3",
      "resolved": "https://registry.npmjs.org/has/-/has-1.0.3.tgz",
      "integrity": "sha512-<integrity>"
    },
    "node_modules/has-flag": {
      "version": "4.0.0",
      "resolved": "https://registry.npmjs.org/has-flag/-/has-flag-4.0.0.tgz",
      "integrity": "sha512-<integrity>"
    },
    "node_modules/has-a": {
      "version": "2.0.0",
      "resolved": "https://registry.npmjs.org/has-a/-/has-a-2.0.0.tgz",
      "integrity": "sha512-<integrity>"
    },
    "node_modules/has-own": {
      "version": "2.0.4",
      "resolved": "https://registry.npmjs.org/has-own/-/has-own-2.0.4.tgz",
      "integrity": "sha512-<integrity>"
    },
    "node_modules/hache": {
      "version": "0.9.1",
      "resolved": "https://registry.npmjs.org/hache/-/hache-0.9.1.tgz",
      "integrity": "sha512-<integrity>"
    },
    "node_modules/handlebars": {
      "version": "4.7.9",
      "resolved": "https://registry.npmjs.org/handlebars/-/handlebars-4.7.9.tgz",
      "integrity": "sha512-<integrity>"
    },
    "node_modules/head": {
      "version": "2.0.0",
      "resolved": "https://registry.npmjs.org/head/-/head-2.0.0.tgz",
      "integrity": "sha512-<integrity>"
    },
    "node_modules/io": {
      "version": "0.1.0",
      "resolved": "https://registry.npmjs.org/io/-/io-0.1.0.tgz",
      "integrity": "sha512-<integrity>"
    },
    "node_modules/jade": {
      "version": "1.1.0",
      "resolved": "https://registry.npmjs.org/jade/-/jade-1.1.0.tgz",
      "integrity": "sha512-<integrity>"
    },
    "node_modules/jay": {
      "version": "3.0.0",
      "resolved": "https://registry.npmjs.org/jay/-/jay-3.0.0.tgz",
      "integrity": "sha512-<integrity>"
    },
    "node_modules/jayson": {
      "version": "3.0.3",
      "resolved": "https://registry.npmjs.org/jayson/-/jayson-3.0.3.tgz",
      "integrity": "sha512-<integrity>"
    },
    "node_modules/jest": {
      "version": "29.7.0",
      "resolved": "https://registry.npmjs.org/jest/-/jest-29.7.0.tgz",
      "integrity": "sha512-<integrity>"
    },
    "node_modules/jest-cli": {
      "version": "29.7.0",
      "resolved": "https://registry.npmjs.org/jest-cli/-/jest-cli-29.7.0.tgz",
      "integrity": "sha512-<integrity>"
    },
    "node_modules/jest-config": {
      "version": "29.7.0",
      "resolved": "https://registry.npmjs.org/jest-config/-/jest-config-29.7.0.tgz",
      "integrity": "sha512-<integrity>"
    },
    "node_modules/jest-diff": {
      "version": "29.7.0",
      "resolved": "https://registry.npmjs.org/jest-diff/-/jest-diff-29.7.0.tgz",
      "integrity": "sha512-<integrity>"
    },
    "node_modules/jest-docblock": {
      "version": "29.7.0",
      "resolved": "https://registry.npmjs.org/jest-docblock/-/jest-docblock-29.7.0.tgz",
      "integrity": "sha512-<integrity>"
    },
    "node_modules/jest-each": {
      "version": "29.7.0",
      "resolved": "https://registry.npmjs.org/jest-each/-/jest-each-29.7.0.tgz",
      "integrity": "sha512-<integrity>"
    },
    "node_modules/jest-environment-node": {
      "version": "29.7.0",
      "resolved": "https://registry.npmjs.org/jest-environment-node/-/jest-environment-node-29.7.0.tgz",
      "integrity": "sha512-<integrity>"
    },
    "node_modules/jest-get-type": {
      "version": "29.7.0",
      "resolved": "https://registry.npmjs.org/jest-get-type/-/jest-get-type-29.7.0.tgz",
      "integrity": "sha512-<integrity>"
    },
    "node_modules/jest-haste-map": {
      "version": "29.7.0",
      "resolved": "https://registry.npmjs.org/jest-haste-map/-/jest-haste-map-29.7.0.tgz",
      "integrity": "sha512-<integrity>"
    },
    "node_modules/jest-leak-detector": {
      "version": "29.7.0",
      "resolved": "https://registry.npmjs.org/jest-leak-detector/-/jest-leak-detector-29.7.0.tgz",
      "integrity": "sha512-<integrity>"
    },
    "node_modules/jest-matcher-utils": {
      "version": "29.7.0",
      "resolved": "https://registry.npmjs.org/jest-matcher-utils/-/jest-matcher-utils-29.7.0.tgz",
      "integrity": "sha512-<integrity>"
    },
    "node_modules/jest-message-util": {
      "version": "29.7.0",
      "resolved": "https://registry.npmjs.org/jest-message-util/-/jest-message-util-29.7.0.tgz",
      "integrity": "sha512-<integrity>"
    },
    "node_modules/jest-mock": {
      "version": "29.7.0",
      "resolved": "https://registry.npmjs.org/jest-mock/-/jest-mock-29.7.0.tgz",
      "integrity": "sha512-<integrity>"
    },
    "node_modules/jest-pnp-resolver": {
      "version": "1.2.3",
      "resolved": "https://registry.npmjs.org/jest-pnp-resolver/-/jest-pnp-resolver-1.2.3.tgz",
      "integrity": "sha512-<integrity>"
    },
    "node_modules/jest-regex-util": {
      "version": "29.7.0",
      "resolved": "https://registry.npmjs.org/jest-regex-util/-/jest-regex-util-29.7.0.tgz",
      "integrity": "sha512-<integrity>"
    },
    "node_modules/jest-resolve": {
      "version": "29.7.0",
      "resolved": "https://registry.npmjs.org/jest-resolve/-/jest-resolve-29.7.0.tgz",
      "integrity": "sha512-<integrity>"
    },
    "node_modules/jest-resolve-dependencies": {
      "version": "29.7.0",
      "resolved": "https://registry.npmjs.org/jest-resolve-dependencies/-/jest-resolve-dependencies-29.7.0.tgz",
      "integrity": "sha512-<integrity>"
    },
    "node_modules/jest-runner": {
      "version": "29.7.0",
      "resolved": "https://registry.npmjs.org/jest-runner/-/jest-runner-29.7.0.tgz",
      "integrity": "sha512-<integrity>"
    },
    "node_modules/jest-runtime": {
      "version": "29.7.0",
      "resolved": "https://registry.npmjs.org/jest-runtime/-/jest-runtime-29.7.0.tgz",
      "integrity": "sha512-<integrity>"
    },
    "node_modules/jest-snapshot": {
      "version": "29.7.0",
      "resolved": "https://registry.npmjs.org/jest-snapshot/-/jest-snapshot-29.7.0.tgz",
      "integrity": "sha512-<integrity>"
    },
    "node_modules/js-tokens": {
      "version": "4.0.0",
      "resolved": "https://registry.npmjs.org/js-tokens/-/js-tokens-4.0.0.tgz",
      "integrity": "sha512-<integrity>"
    },
    "node_modules/js-yaml": {
      "version": "3.14.1",
      "resolved": "https://registry.npmjs.org/js-yaml/-/js-yaml-3.14.1.tgz",
      "integrity": "sha512-<integrity>"
    },
    "node_modules/json5": {
      "version": "2.2.3",
      "resolved": "https://registry.npmjs.org/json5/-/json5-2.2.3.tgz",
      "integrity": "sha512-<integrity>"
    },
    "node_modules/sax": {
      "version": "1.0.4",
      "resolved": "https://registry.npmjs.org/sax/-/sax-1.0.4.tgz",
      "integrity": "sha512-<integrity>"
    },
    "node_modules/uglify-js": {
      "version": "3.19.3",
      "resolved": "https://registry.npmjs.org/uglify-js/-/uglify-js-3.19.3.tgz",
      "integrity": "sha512-<integrity>"
    },
    "node_modules/undici-types": {
      "version": "8.3.0",
      "resolved": "https://registry.npmjs.org/undici-types/-/undici-types-8.3.0.tgz",
      "integrity": "sha512-<integrity>"
    },
    "node_modules/yarn": {
      "version": "1.22.19",
      "resolved": "https://registry.npmjs.org/yarn/-/yarn-1.22.19.tgz",
      "integrity": "sha512-<integrity>"
    }
  }
}
